
Microsoft Visual Studio Solution File, Format Version 12.00
# Visual Studio Version 16
VisualStudioVersion = 16.0.29806.167
MinimumVisualStudioVersion = 10.0.40219.1
Project("{9A19103F-16F7-4668-BE54-9A1E7A4F7556}") = "Server", "Server\Server.csproj", "{384818B6-0CC8-47C7-8446-1102B42E92AB}"
EndProject
Project("{2150E333-8FDC-42A3-9474-1A3956D46DE8}") = "Solution Items", "Solution Items", "{EF05530D-416E-4C97-8560-ECECC51EBDC1}"
	ProjectSection(SolutionItems) = preProject
		.editorconfig = .editorconfig
		.gitignore = .gitignore
		Directory.Build.props = Directory.Build.props
		LICENSE = LICENSE
		NuGet.config = NuGet.config
		Reservations.sln.DotSettings = Reservations.sln.DotSettings
	EndProjectSection
EndProject
Project("{9A19103F-16F7-4668-BE54-9A1E7A4F7556}") = "Shared", "Shared\Shared.csproj", "{28865992-B401-4E6F-BDBB-2B0D60ACC733}"
EndProject
Project("{9A19103F-16F7-4668-BE54-9A1E7A4F7556}") = "Client", "Client\Client.csproj", "{DA93BA76-C230-4281-A4C5-F0D8D555D2A8}"
EndProject
Global
	GlobalSection(SolutionConfigurationPlatforms) = preSolution
		Debug|Any CPU = Debug|Any CPU
		Release|Any CPU = Release|Any CPU
	EndGlobalSection
	GlobalSection(ProjectConfigurationPlatforms) = postSolution
		{384818B6-0CC8-47C7-8446-1102B42E92AB}.Debug|Any CPU.ActiveCfg = Debug|Any CPU
		{384818B6-0CC8-47C7-8446-1102B42E92AB}.Debug|Any CPU.Build.0 = Debug|Any CPU
		{384818B6-0CC8-47C7-8446-1102B42E92AB}.Release|Any CPU.ActiveCfg = Release|Any CPU
		{384818B6-0CC8-47C7-8446-1102B42E92AB}.Release|Any CPU.Build.0 = Release|Any CPU
		{28865992-B401-4E6F-BDBB-2B0D60ACC733}.Debug|Any CPU.ActiveCfg = Debug|Any CPU
		{28865992-B401-4E6F-BDBB-2B0D60ACC733}.Debug|Any CPU.Build.0 = Debug|Any CPU
		{28865992-B401-4E6F-BDBB-2B0D60ACC733}.Release|Any CPU.ActiveCfg = Release|Any CPU
		{28865992-B401-4E6F-BDBB-2B0D60ACC733}.Release|Any CPU.Build.0 = Release|Any CPU
		{DA93BA76-C230-4281-A4C5-F0D8D555D2A8}.Debug|Any CPU.ActiveCfg = Debug|Any CPU
		{DA93BA76-C230-4281-A4C5-F0D8D555D2A8}.Debug|Any CPU.Build.0 = Debug|Any CPU
		{DA93BA76-C230-4281-A4C5-F0D8D555D2A8}.Release|Any CPU.ActiveCfg = Release|Any CPU
		{DA93BA76-C230-4281-A4C5-F0D8D555D2A8}.Release|Any CPU.Build.0 = Release|Any CPU
	EndGlobalSection
	GlobalSection(SolutionProperties) = preSolution
		HideSolutionNode = FALSE
	EndGlobalSection
	GlobalSection(ExtensibilityGlobals) = postSolution
		SolutionGuid = {6BFE211E-11F8-48F3-8150-60FBE4920AA5}
	EndGlobalSection
EndGlobal
